
Microsoft Visual Studio Solution File, Format Version 12.00
# Visual Studio 2012
Project("{FAE04EC0-301F-11D3-BF4B-00C04F79EFBC}") = "WindowsFormsApplication1_Nishant_Sahoo", "WindowsFormsApplication1_Nishant_Sahoo\WindowsFormsApplication1_Nishant_Sahoo.csproj", "{AC6630FA-4469-4B18-A53D-9A845124215C}"
EndProject
Global
	GlobalSection(SolutionConfigurationPlatforms) = preSolution
		Debug|Any CPU = Debug|Any CPU
		Release|Any CPU = Release|Any CPU
	EndGlobalSection
	GlobalSection(ProjectConfigurationPlatforms) = postSolution
		{AC6630FA-4469-4B18-A53D-9A845124215C}.Debug|Any CPU.ActiveCfg = Debug|Any CPU
		{AC6630FA-4469-4B18-A53D-9A845124215C}.Debug|Any CPU.Build.0 = Debug|Any CPU
		{AC6630FA-4469-4B18-A53D-9A845124215C}.Release|Any CPU.ActiveCfg = Release|Any CPU
		{AC6630FA-4469-4B18-A53D-9A845124215C}.Release|Any CPU.Build.0 = Release|Any CPU
	EndGlobalSection
	GlobalSection(SolutionProperties) = preSolution
		HideSolutionNode = FALSE
	EndGlobalSection
EndGlobal
